
Microsoft Visual Studio Solution File, Format Version 12.00
# Visual Studio Version 16
VisualStudioVersion = 16.0.31605.320
MinimumVisualStudioVersion = 10.0.40219.1
Project("{9A19103F-16F7-4668-BE54-9A1E7A4F7556}") = "CriptomonedasProject", "CriptomonedasProject.csproj", "{072F3192-6C66-407F-AB59-34CD14F5907E}"
EndProject
Project("{FAE04EC0-301F-11D3-BF4B-00C04F79EFBC}") = "Dapper.Core", "Dapper.Core\Dapper.Core.csproj", "{12470392-38FD-4EA6-BB3F-22EE28AE6FA3}"
EndProject
Project("{FAE04EC0-301F-11D3-BF4B-00C04F79EFBC}") = "Dapper.Application", "Dapper.Application\Dapper.Application.csproj", "{F9CFA4F3-0FF9-4E8C-8053-E3B750A681B6}"
EndProject
Project("{FAE04EC0-301F-11D3-BF4B-00C04F79EFBC}") = "Dapper.Infrastructure", "Dapper.Infrastructure\Dapper.Infrastructure.csproj", "{BDCD7E3F-D1FD-4D5F-9773-CCE56FA50E66}"
EndProject
Global
	GlobalSection(SolutionConfigurationPlatforms) = preSolution
		Debug|Any CPU = Debug|Any CPU
		Release|Any CPU = Release|Any CPU
	EndGlobalSection
	GlobalSection(ProjectConfigurationPlatforms) = postSolution
		{072F3192-6C66-407F-AB59-34CD14F5907E}.Debug|Any CPU.ActiveCfg = Debug|Any CPU
		{072F3192-6C66-407F-AB59-34CD14F5907E}.Debug|Any CPU.Build.0 = Debug|Any CPU
		{072F3192-6C66-407F-AB59-34CD14F5907E}.Release|Any CPU.ActiveCfg = Release|Any CPU
		{072F3192-6C66-407F-AB59-34CD14F5907E}.Release|Any CPU.Build.0 = Release|Any CPU
		{12470392-38FD-4EA6-BB3F-22EE28AE6FA3}.Debug|Any CPU.ActiveCfg = Debug|Any CPU
		{12470392-38FD-4EA6-BB3F-22EE28AE6FA3}.Debug|Any CPU.Build.0 = Debug|Any CPU
		{12470392-38FD-4EA6-BB3F-22EE28AE6FA3}.Release|Any CPU.ActiveCfg = Release|Any CPU
		{12470392-38FD-4EA6-BB3F-22EE28AE6FA3}.Release|Any CPU.Build.0 = Release|Any CPU
		{F9CFA4F3-0FF9-4E8C-8053-E3B750A681B6}.Debug|Any CPU.ActiveCfg = Debug|Any CPU
		{F9CFA4F3-0FF9-4E8C-8053-E3B750A681B6}.Debug|Any CPU.Build.0 = Debug|Any CPU
		{F9CFA4F3-0FF9-4E8C-8053-E3B750A681B6}.Release|Any CPU.ActiveCfg = Release|Any CPU
		{F9CFA4F3-0FF9-4E8C-8053-E3B750A681B6}.Release|Any CPU.Build.0 = Release|Any CPU
		{BDCD7E3F-D1FD-4D5F-9773-CCE56FA50E66}.Debug|Any CPU.ActiveCfg = Debug|Any CPU
		{BDCD7E3F-D1FD-4D5F-9773-CCE56FA50E66}.Debug|Any CPU.Build.0 = Debug|Any CPU
		{BDCD7E3F-D1FD-4D5F-9773-CCE56FA50E66}.Release|Any CPU.ActiveCfg = Release|Any CPU
		{BDCD7E3F-D1FD-4D5F-9773-CCE56FA50E66}.Release|Any CPU.Build.0 = Release|Any CPU
	EndGlobalSection
	GlobalSection(SolutionProperties) = preSolution
		HideSolutionNode = FALSE
	EndGlobalSection
	GlobalSection(ExtensibilityGlobals) = postSolution
		SolutionGuid = {A07DA328-A512-4CC9-A7F3-5548E642C109}
	EndGlobalSection
EndGlobal
